
Microsoft Visual Studio Solution File, Format Version 12.00
# Visual Studio Version 17
VisualStudioVersion = 17.0.31903.59
MinimumVisualStudioVersion = 10.0.40219.1
Project("{FAE04EC0-301F-11D3-BF4B-00C04F79EFBC}") = "Chronos", "Chronos\Chronos.csproj", "{5065EB78-A495-4E97-92B6-9B9FF6AD81E8}"
EndProject
Project("{FAE04EC0-301F-11D3-BF4B-00C04F79EFBC}") = "RandomTest", "RandomTest\RandomTest.csproj", "{93ADDC6D-1F80-47B6-AA9F-DAE03ED11BA3}"
EndProject
Project("{FAE04EC0-301F-11D3-BF4B-00C04F79EFBC}") = "RandDice", "RandDice\RandDice.csproj", "{B4C0F449-1692-4AA9-8344-A5A3F7F327FE}"
EndProject
Global
	GlobalSection(SolutionConfigurationPlatforms) = preSolution
		Debug|Any CPU = Debug|Any CPU
		Release|Any CPU = Release|Any CPU
	EndGlobalSection
	GlobalSection(SolutionProperties) = preSolution
		HideSolutionNode = FALSE
	EndGlobalSection
	GlobalSection(ProjectConfigurationPlatforms) = postSolution
		{5065EB78-A495-4E97-92B6-9B9FF6AD81E8}.Debug|Any CPU.ActiveCfg = Debug|Any CPU
		{5065EB78-A495-4E97-92B6-9B9FF6AD81E8}.Debug|Any CPU.Build.0 = Debug|Any CPU
		{5065EB78-A495-4E97-92B6-9B9FF6AD81E8}.Release|Any CPU.ActiveCfg = Release|Any CPU
		{5065EB78-A495-4E97-92B6-9B9FF6AD81E8}.Release|Any CPU.Build.0 = Release|Any CPU
		{93ADDC6D-1F80-47B6-AA9F-DAE03ED11BA3}.Debug|Any CPU.ActiveCfg = Debug|Any CPU
		{93ADDC6D-1F80-47B6-AA9F-DAE03ED11BA3}.Debug|Any CPU.Build.0 = Debug|Any CPU
		{93ADDC6D-1F80-47B6-AA9F-DAE03ED11BA3}.Release|Any CPU.ActiveCfg = Release|Any CPU
		{93ADDC6D-1F80-47B6-AA9F-DAE03ED11BA3}.Release|Any CPU.Build.0 = Release|Any CPU
		{B4C0F449-1692-4AA9-8344-A5A3F7F327FE}.Debug|Any CPU.ActiveCfg = Debug|Any CPU
		{B4C0F449-1692-4AA9-8344-A5A3F7F327FE}.Debug|Any CPU.Build.0 = Debug|Any CPU
		{B4C0F449-1692-4AA9-8344-A5A3F7F327FE}.Release|Any CPU.ActiveCfg = Release|Any CPU
		{B4C0F449-1692-4AA9-8344-A5A3F7F327FE}.Release|Any CPU.Build.0 = Release|Any CPU
	EndGlobalSection
EndGlobal
